
Microsoft Visual Studio Solution File, Format Version 12.00
# Visual Studio 15
VisualStudioVersion = 15.0.28010.2019
MinimumVisualStudioVersion = 10.0.40219.1
Project("{FAE04EC0-301F-11D3-BF4B-00C04F79EFBC}") = "Trendyol.ECommerce.ShoppingCart", "Trendyol.ECommerce.ShoppingCart\Trendyol.ECommerce.ShoppingCart.csproj", "{DCE386D1-49BD-45CD-8C4E-A9B32841CC0C}"
EndProject
Project("{FAE04EC0-301F-11D3-BF4B-00C04F79EFBC}") = "Trendyol.ECommerce.ShoppingCart.Test", "Trendyol.ECommerce.ShoppingCart.Test\Trendyol.ECommerce.ShoppingCart.Test.csproj", "{40098336-7E49-4227-873A-827E39389C47}"
EndProject
Project("{FAE04EC0-301F-11D3-BF4B-00C04F79EFBC}") = "Trendyol.ECommerce.ShoppingCart.Logic", "Trendyol.ECommerce.ShoppingCart.Logic\Trendyol.ECommerce.ShoppingCart.Logic.csproj", "{B20C4BA9-2220-4E96-92CC-21C13E949387}"
EndProject
Global
	GlobalSection(SolutionConfigurationPlatforms) = preSolution
		Debug|Any CPU = Debug|Any CPU
		Release|Any CPU = Release|Any CPU
	EndGlobalSection
	GlobalSection(ProjectConfigurationPlatforms) = postSolution
		{DCE386D1-49BD-45CD-8C4E-A9B32841CC0C}.Debug|Any CPU.ActiveCfg = Debug|Any CPU
		{DCE386D1-49BD-45CD-8C4E-A9B32841CC0C}.Debug|Any CPU.Build.0 = Debug|Any CPU
		{DCE386D1-49BD-45CD-8C4E-A9B32841CC0C}.Release|Any CPU.ActiveCfg = Release|Any CPU
		{DCE386D1-49BD-45CD-8C4E-A9B32841CC0C}.Release|Any CPU.Build.0 = Release|Any CPU
		{40098336-7E49-4227-873A-827E39389C47}.Debug|Any CPU.ActiveCfg = Debug|Any CPU
		{40098336-7E49-4227-873A-827E39389C47}.Debug|Any CPU.Build.0 = Debug|Any CPU
		{40098336-7E49-4227-873A-827E39389C47}.Release|Any CPU.ActiveCfg = Release|Any CPU
		{40098336-7E49-4227-873A-827E39389C47}.Release|Any CPU.Build.0 = Release|Any CPU
		{B20C4BA9-2220-4E96-92CC-21C13E949387}.Debug|Any CPU.ActiveCfg = Debug|Any CPU
		{B20C4BA9-2220-4E96-92CC-21C13E949387}.Debug|Any CPU.Build.0 = Debug|Any CPU
		{B20C4BA9-2220-4E96-92CC-21C13E949387}.Release|Any CPU.ActiveCfg = Release|Any CPU
		{B20C4BA9-2220-4E96-92CC-21C13E949387}.Release|Any CPU.Build.0 = Release|Any CPU
	EndGlobalSection
	GlobalSection(SolutionProperties) = preSolution
		HideSolutionNode = FALSE
	EndGlobalSection
	GlobalSection(ExtensibilityGlobals) = postSolution
		SolutionGuid = {B6F595F8-A223-4A16-9237-033B60853C01}
	EndGlobalSection
EndGlobal
